
Microsoft Visual Studio Solution File, Format Version 12.00
# Visual Studio Version 16
VisualStudioVersion = 16.0.30114.105
MinimumVisualStudioVersion = 10.0.40219.1
Project("{FAE04EC0-301F-11D3-BF4B-00C04F79EFBC}") = "ListSplitter", "ListSplitter\ListSplitter.csproj", "{6CAF8AE3-A5A2-464D-BF83-8EB332436576}"
EndProject
Project("{E53339B2-1760-4266-BCC7-CA923CBCF16C}") = "docker-compose", "docker-compose.dcproj", "{33681DF0-1D6A-476B-B213-2BE64173EE5E}"
EndProject
Global
	GlobalSection(SolutionConfigurationPlatforms) = preSolution
		Debug|Any CPU = Debug|Any CPU
		Release|Any CPU = Release|Any CPU
	EndGlobalSection
	GlobalSection(ProjectConfigurationPlatforms) = postSolution
		{6CAF8AE3-A5A2-464D-BF83-8EB332436576}.Debug|Any CPU.ActiveCfg = Debug|Any CPU
		{6CAF8AE3-A5A2-464D-BF83-8EB332436576}.Debug|Any CPU.Build.0 = Debug|Any CPU
		{6CAF8AE3-A5A2-464D-BF83-8EB332436576}.Release|Any CPU.ActiveCfg = Release|Any CPU
		{6CAF8AE3-A5A2-464D-BF83-8EB332436576}.Release|Any CPU.Build.0 = Release|Any CPU
		{33681DF0-1D6A-476B-B213-2BE64173EE5E}.Debug|Any CPU.ActiveCfg = Debug|Any CPU
		{33681DF0-1D6A-476B-B213-2BE64173EE5E}.Debug|Any CPU.Build.0 = Debug|Any CPU
		{33681DF0-1D6A-476B-B213-2BE64173EE5E}.Release|Any CPU.ActiveCfg = Release|Any CPU
		{33681DF0-1D6A-476B-B213-2BE64173EE5E}.Release|Any CPU.Build.0 = Release|Any CPU
	EndGlobalSection
	GlobalSection(SolutionProperties) = preSolution
		HideSolutionNode = FALSE
	EndGlobalSection
	GlobalSection(ExtensibilityGlobals) = postSolution
		SolutionGuid = {3FEF3511-B414-4408-94E4-10E5AC3BAA67}
	EndGlobalSection
EndGlobal
